
Microsoft Visual Studio Solution File, Format Version 12.00
# Visual Studio Version 16
VisualStudioVersion = 16.0.31402.337
MinimumVisualStudioVersion = 10.0.40219.1
Project("{FAE04EC0-301F-11D3-BF4B-00C04F79EFBC}") = "BigNum", "src\BigNum.csproj", "{B0938BE5-6B03-47CE-BB97-63ADC09BD5CF}"
EndProject
Global
	GlobalSection(SolutionConfigurationPlatforms) = preSolution
		Debug|Any CPU = Debug|Any CPU
		Release|Any CPU = Release|Any CPU
	EndGlobalSection
	GlobalSection(ProjectConfigurationPlatforms) = postSolution
		{B0938BE5-6B03-47CE-BB97-63ADC09BD5CF}.Debug|Any CPU.ActiveCfg = Debug|Any CPU
		{B0938BE5-6B03-47CE-BB97-63ADC09BD5CF}.Debug|Any CPU.Build.0 = Debug|Any CPU
		{B0938BE5-6B03-47CE-BB97-63ADC09BD5CF}.Release|Any CPU.ActiveCfg = Release|Any CPU
		{B0938BE5-6B03-47CE-BB97-63ADC09BD5CF}.Release|Any CPU.Build.0 = Release|Any CPU
	EndGlobalSection
	GlobalSection(SolutionProperties) = preSolution
		HideSolutionNode = FALSE
	EndGlobalSection
	GlobalSection(ExtensibilityGlobals) = postSolution
		SolutionGuid = {F8C0F475-A89D-433A-8A6E-5715F2D53FEE}
	EndGlobalSection
EndGlobal
