
Microsoft Visual Studio Solution File, Format Version 12.00
# Visual Studio Version 16
VisualStudioVersion = 16.0.31402.337
MinimumVisualStudioVersion = 10.0.40219.1
Project("{9A19103F-16F7-4668-BE54-9A1E7A4F7556}") = "FNV-1a", "src\FNV-1a.csproj", "{5A2DDFC2-9402-44FB-BFF6-5071F15615B2}"
EndProject
Project("{9A19103F-16F7-4668-BE54-9A1E7A4F7556}") = "Tests", "tests\UnitTest\UnitTest.csproj", "{A93ACA73-DA16-461D-BF06-9941671C7924}"
EndProject
Project("{FAE04EC0-301F-11D3-BF4B-00C04F79EFBC}") = "Benchmark", "tests\Benchmark\Benchmark.csproj", "{39EEFDAE-C950-497A-A435-A05175D62800}"
EndProject
Global
	GlobalSection(SolutionConfigurationPlatforms) = preSolution
		Debug|Any CPU = Debug|Any CPU
		Release|Any CPU = Release|Any CPU
	EndGlobalSection
	GlobalSection(ProjectConfigurationPlatforms) = postSolution
		{5A2DDFC2-9402-44FB-BFF6-5071F15615B2}.Debug|Any CPU.ActiveCfg = Debug|Any CPU
		{5A2DDFC2-9402-44FB-BFF6-5071F15615B2}.Debug|Any CPU.Build.0 = Debug|Any CPU
		{5A2DDFC2-9402-44FB-BFF6-5071F15615B2}.Release|Any CPU.ActiveCfg = Release|Any CPU
		{5A2DDFC2-9402-44FB-BFF6-5071F15615B2}.Release|Any CPU.Build.0 = Release|Any CPU
		{A93ACA73-DA16-461D-BF06-9941671C7924}.Debug|Any CPU.ActiveCfg = Debug|Any CPU
		{A93ACA73-DA16-461D-BF06-9941671C7924}.Debug|Any CPU.Build.0 = Debug|Any CPU
		{A93ACA73-DA16-461D-BF06-9941671C7924}.Release|Any CPU.ActiveCfg = Release|Any CPU
		{A93ACA73-DA16-461D-BF06-9941671C7924}.Release|Any CPU.Build.0 = Release|Any CPU
		{39EEFDAE-C950-497A-A435-A05175D62800}.Debug|Any CPU.ActiveCfg = Debug|Any CPU
		{39EEFDAE-C950-497A-A435-A05175D62800}.Debug|Any CPU.Build.0 = Debug|Any CPU
		{39EEFDAE-C950-497A-A435-A05175D62800}.Release|Any CPU.ActiveCfg = Release|Any CPU
		{39EEFDAE-C950-497A-A435-A05175D62800}.Release|Any CPU.Build.0 = Release|Any CPU
	EndGlobalSection
	GlobalSection(SolutionProperties) = preSolution
		HideSolutionNode = FALSE
	EndGlobalSection
	GlobalSection(ExtensibilityGlobals) = postSolution
		SolutionGuid = {577340DB-CBCA-4482-8E93-9FFB42035889}
	EndGlobalSection
EndGlobal
